
Microsoft Visual Studio Solution File, Format Version 12.00
Project("{FAE04EC0-301F-11D3-BF4B-00C04F79EFBC}") = "Tema2", "Tema2\Tema2.csproj", "{189416C3-35B9-441E-B5AE-B5D43FAF6842}"
EndProject
Project("{FAE04EC0-301F-11D3-BF4B-00C04F79EFBC}") = "Tema3", "Tema3\Tema3.csproj", "{085F7926-0D72-4821-A440-A00B68F798A8}"
EndProject
Project("{FAE04EC0-301F-11D3-BF4B-00C04F79EFBC}") = "Tema4", "Tema4\Tema4.csproj", "{08AD7558-72EE-451A-B035-7333353A4CCB}"
EndProject
Global
	GlobalSection(SolutionConfigurationPlatforms) = preSolution
		Debug|Any CPU = Debug|Any CPU
		Release|Any CPU = Release|Any CPU
	EndGlobalSection
	GlobalSection(ProjectConfigurationPlatforms) = postSolution
		{189416C3-35B9-441E-B5AE-B5D43FAF6842}.Debug|Any CPU.ActiveCfg = Debug|Any CPU
		{189416C3-35B9-441E-B5AE-B5D43FAF6842}.Debug|Any CPU.Build.0 = Debug|Any CPU
		{189416C3-35B9-441E-B5AE-B5D43FAF6842}.Release|Any CPU.ActiveCfg = Release|Any CPU
		{189416C3-35B9-441E-B5AE-B5D43FAF6842}.Release|Any CPU.Build.0 = Release|Any CPU
		{085F7926-0D72-4821-A440-A00B68F798A8}.Debug|Any CPU.ActiveCfg = Debug|Any CPU
		{085F7926-0D72-4821-A440-A00B68F798A8}.Debug|Any CPU.Build.0 = Debug|Any CPU
		{085F7926-0D72-4821-A440-A00B68F798A8}.Release|Any CPU.ActiveCfg = Release|Any CPU
		{085F7926-0D72-4821-A440-A00B68F798A8}.Release|Any CPU.Build.0 = Release|Any CPU
		{08AD7558-72EE-451A-B035-7333353A4CCB}.Debug|Any CPU.ActiveCfg = Debug|Any CPU
		{08AD7558-72EE-451A-B035-7333353A4CCB}.Debug|Any CPU.Build.0 = Debug|Any CPU
		{08AD7558-72EE-451A-B035-7333353A4CCB}.Release|Any CPU.ActiveCfg = Release|Any CPU
		{08AD7558-72EE-451A-B035-7333353A4CCB}.Release|Any CPU.Build.0 = Release|Any CPU
	EndGlobalSection
EndGlobal
